
Microsoft Visual Studio Solution File, Format Version 12.00
# Visual Studio Version 16
VisualStudioVersion = 16.0.29806.167
MinimumVisualStudioVersion = 10.0.40219.1
Project("{9A19103F-16F7-4668-BE54-9A1E7A4F7556}") = "TourAgency.Api", "TourAgency.Api\TourAgency.Api.csproj", "{C294EB52-FAED-4CA6-8C3B-C9AB5FB24DB4}"
EndProject
Project("{9A19103F-16F7-4668-BE54-9A1E7A4F7556}") = "TourAgency.BLL", "TourAgency.BLL\TourAgency.BLL.csproj", "{3179F57A-0EE3-4111-9873-47819F0B9BB3}"
EndProject
Project("{9A19103F-16F7-4668-BE54-9A1E7A4F7556}") = "TourAgency.DAL", "TourAgency.DAL\TourAgency.DAL.csproj", "{04D5C2C2-5D73-4D95-A097-CD73FD36FCA7}"
EndProject
Global
	GlobalSection(SolutionConfigurationPlatforms) = preSolution
		Debug|Any CPU = Debug|Any CPU
		Release|Any CPU = Release|Any CPU
	EndGlobalSection
	GlobalSection(ProjectConfigurationPlatforms) = postSolution
		{C294EB52-FAED-4CA6-8C3B-C9AB5FB24DB4}.Debug|Any CPU.ActiveCfg = Debug|Any CPU
		{C294EB52-FAED-4CA6-8C3B-C9AB5FB24DB4}.Debug|Any CPU.Build.0 = Debug|Any CPU
		{C294EB52-FAED-4CA6-8C3B-C9AB5FB24DB4}.Release|Any CPU.ActiveCfg = Release|Any CPU
		{C294EB52-FAED-4CA6-8C3B-C9AB5FB24DB4}.Release|Any CPU.Build.0 = Release|Any CPU
		{3179F57A-0EE3-4111-9873-47819F0B9BB3}.Debug|Any CPU.ActiveCfg = Debug|Any CPU
		{3179F57A-0EE3-4111-9873-47819F0B9BB3}.Debug|Any CPU.Build.0 = Debug|Any CPU
		{3179F57A-0EE3-4111-9873-47819F0B9BB3}.Release|Any CPU.ActiveCfg = Release|Any CPU
		{3179F57A-0EE3-4111-9873-47819F0B9BB3}.Release|Any CPU.Build.0 = Release|Any CPU
		{04D5C2C2-5D73-4D95-A097-CD73FD36FCA7}.Debug|Any CPU.ActiveCfg = Debug|Any CPU
		{04D5C2C2-5D73-4D95-A097-CD73FD36FCA7}.Debug|Any CPU.Build.0 = Debug|Any CPU
		{04D5C2C2-5D73-4D95-A097-CD73FD36FCA7}.Release|Any CPU.ActiveCfg = Release|Any CPU
		{04D5C2C2-5D73-4D95-A097-CD73FD36FCA7}.Release|Any CPU.Build.0 = Release|Any CPU
	EndGlobalSection
	GlobalSection(SolutionProperties) = preSolution
		HideSolutionNode = FALSE
	EndGlobalSection
	GlobalSection(ExtensibilityGlobals) = postSolution
		SolutionGuid = {2FB26B5D-1A05-4AE2-AED9-FFE8354CFECB}
	EndGlobalSection
EndGlobal
